// !$*UTF8*$!
{
	archiveVersion = 1;
	classes = {
	};
	objectVersion = 50;
	objects = {

/* Begin PBXBuildFile section */
		E9608FA9246EC9AE008A8ACD /* lobby.png in Resources */ = {isa = PBXBuildFile; fileRef = E9608F90246EC9AD008A8ACD /* lobby.png */; };
		E9608FAA246EC9AE008A8ACD /* battlebg.png in Resources */ = {isa = PBXBuildFile; fileRef = E9608F91246EC9AD008A8ACD /* battlebg.png */; };
		E9608FAB246EC9AE008A8ACD /* bgimage.jpg in Resources */ = {isa = PBXBuildFile; fileRef = E9608F92246EC9AD008A8ACD /* bgimage.jpg */; };
		E9608FAD246EC9AE008A8ACD /* waku.png in Resources */ = {isa = PBXBuildFile; fileRef = E9608F94246EC9AD008A8ACD /* waku.png */; };
		E9608FAE246EC9AE008A8ACD /* gold_button.png in Resources */ = {isa = PBXBuildFile; fileRef = E9608F95246EC9AD008A8ACD /* gold_button.png */; };
		E9608FAF246EC9AE008A8ACD /* yusya.png in Resources */ = {isa = PBXBuildFile; fileRef = E9608F96246EC9AD008A8ACD /* yusya.png */; };
		E9608FB0246EC9AE008A8ACD /* monster.png in Resources */ = {isa = PBXBuildFile; fileRef = E9608F97246EC9AD008A8ACD /* monster.png */; };
		E9608FB2246EC9AE008A8ACD /* TechMonManager.swift in Sources */ = {isa = PBXBuildFile; fileRef = E9608F9A246EC9AD008A8ACD /* TechMonManager.swift */; };
		E9608FB3246EC9AE008A8ACD /* Character.swift in Sources */ = {isa = PBXBuildFile; fileRef = E9608F9B246EC9AD008A8ACD /* Character.swift */; };
		E9608FB4246EC9AE008A8ACD /* SE_fanfare.mp3 in Resources */ = {isa = PBXBuildFile; fileRef = E9608F9D246EC9AD008A8ACD /* SE_fanfare.mp3 */; };
		E9608FB5246EC9AE008A8ACD /* BGM_battle001.mp3 in Resources */ = {isa = PBXBuildFile; fileRef = E9608F9E246EC9AD008A8ACD /* BGM_battle001.mp3 */; };
		E9608FB7246EC9AE008A8ACD /* SE_fire.mp3 in Resources */ = {isa = PBXBuildFile; fileRef = E9608FA0246EC9AD008A8ACD /* SE_fire.mp3 */; };
		E9608FB8246EC9AE008A8ACD /* SE_attack.mp3 in Resources */ = {isa = PBXBuildFile; fileRef = E9608FA1246EC9AD008A8ACD /* SE_attack.mp3 */; };
		E9608FB9246EC9AE008A8ACD /* SE_gameover.mp3 in Resources */ = {isa = PBXBuildFile; fileRef = E9608FA2246EC9AD008A8ACD /* SE_gameover.mp3 */; };
		E9608FBA246EC9AE008A8ACD /* SE_charge.mp3 in Resources */ = {isa = PBXBuildFile; fileRef = E9608FA3246EC9AD008A8ACD /* SE_charge.mp3 */; };
		E9608FBB246EC9AE008A8ACD /* lobby.mp3 in Resources */ = {isa = PBXBuildFile; fileRef = E9608FA4246EC9AD008A8ACD /* lobby.mp3 */; };
		E9608FBD246EC9AE008A8ACD /* misaki_gothic.ttf in Resources */ = {isa = PBXBuildFile; fileRef = E9608FA7246EC9AD008A8ACD /* misaki_gothic.ttf */; };
		E9AFF958246EA5170085D940 /* AppDelegate.swift in Sources */ = {isa = PBXBuildFile; fileRef = E9AFF957246EA5170085D940 /* AppDelegate.swift */; };
		E9AFF95A246EA5170085D940 /* SceneDelegate.swift in Sources */ = {isa = PBXBuildFile; fileRef = E9AFF959246EA5170085D940 /* SceneDelegate.swift */; };
		E9AFF95C246EA5170085D940 /* ViewController.swift in Sources */ = {isa = PBXBuildFile; fileRef = E9AFF95B246EA5170085D940 /* ViewController.swift */; };
		E9AFF95F246EA5170085D940 /* Main.storyboard in Resources */ = {isa = PBXBuildFile; fileRef = E9AFF95D246EA5170085D940 /* Main.storyboard */; };
		E9AFF961246EA51B0085D940 /* Assets.xcassets in Resources */ = {isa = PBXBuildFile; fileRef = E9AFF960246EA51B0085D940 /* Assets.xcassets */; };
		E9AFF964246EA51B0085D940 /* LaunchScreen.storyboard in Resources */ = {isa = PBXBuildFile; fileRef = E9AFF962246EA51B0085D940 /* LaunchScreen.storyboard */; };
		E9AFF96F246EA51B0085D940 /* TechMonTests.swift in Sources */ = {isa = PBXBuildFile; fileRef = E9AFF96E246EA51B0085D940 /* TechMonTests.swift */; };
		E9AFF97A246EA51B0085D940 /* TechMonUITests.swift in Sources */ = {isa = PBXBuildFile; fileRef = E9AFF979246EA51B0085D940 /* TechMonUITests.swift */; };
		E9AFF9B1246EBC5C0085D940 /* LobbyViewController.swift in Sources */ = {isa = PBXBuildFile; fileRef = E9AFF9B0246EBC5C0085D940 /* LobbyViewController.swift */; };
		E9AFF9B3246EBC710085D940 /* BattleViewController.swift in Sources */ = {isa = PBXBuildFile; fileRef = E9AFF9B2246EBC710085D940 /* BattleViewController.swift */; };
/* End PBXBuildFile section */

/* Begin PBXContainerItemProxy section */
		E9AFF96B246EA51B0085D940 /* PBXContainerItemProxy */ = {
			isa = PBXContainerItemProxy;
			containerPortal = E9AFF94C246EA5170085D940 /* Project object */;
			proxyType = 1;
			remoteGlobalIDString = E9AFF953246EA5170085D940;
			remoteInfo = TechMon;
		};
		E9AFF976246EA51B0085D940 /* PBXContainerItemProxy */ = {
			isa = PBXContainerItemProxy;
			containerPortal = E9AFF94C246EA5170085D940 /* Project object */;
			proxyType = 1;
			remoteGlobalIDString = E9AFF953246EA5170085D940;
			remoteInfo = TechMon;
		};
/* End PBXContainerItemProxy section */

/* Begin PBXFileReference section */
		E9608F90246EC9AD008A8ACD /* lobby.png */ = {isa = PBXFileReference; lastKnownFileType = image.png; path = lobby.png; sourceTree = "<group>"; };
		E9608F91246EC9AD008A8ACD /* battlebg.png */ = {isa = PBXFileReference; lastKnownFileType = image.png; path = battlebg.png; sourceTree = "<group>"; };
		E9608F92246EC9AD008A8ACD /* bgimage.jpg */ = {isa = PBXFileReference; lastKnownFileType = image.jpeg; path = bgimage.jpg; sourceTree = "<group>"; };
		E9608F94246EC9AD008A8ACD /* waku.png */ = {isa = PBXFileReference; lastKnownFileType = image.png; path = waku.png; sourceTree = "<group>"; };
		E9608F95246EC9AD008A8ACD /* gold_button.png */ = {isa = PBXFileReference; lastKnownFileType = image.png; path = gold_button.png; sourceTree = "<group>"; };
		E9608F96246EC9AD008A8ACD /* yusya.png */ = {isa = PBXFileReference; lastKnownFileType = image.png; path = yusya.png; sourceTree = "<group>"; };
		E9608F97246EC9AD008A8ACD /* monster.png */ = {isa = PBXFileReference; lastKnownFileType = image.png; path = monster.png; sourceTree = "<group>"; };
		E9608F9A246EC9AD008A8ACD /* TechMonManager.swift */ = {isa = PBXFileReference; fileEncoding = 4; lastKnownFileType = sourcecode.swift; path = TechMonManager.swift; sourceTree = "<group>"; };
		E9608F9B246EC9AD008A8ACD /* Character.swift */ = {isa = PBXFileReference; fileEncoding = 4; lastKnownFileType = sourcecode.swift; path = Character.swift; sourceTree = "<group>"; };
		E9608F9D246EC9AD008A8ACD /* SE_fanfare.mp3 */ = {isa = PBXFileReference; lastKnownFileType = audio.mp3; path = SE_fanfare.mp3; sourceTree = "<group>"; };
		E9608F9E246EC9AD008A8ACD /* BGM_battle001.mp3 */ = {isa = PBXFileReference; lastKnownFileType = audio.mp3; path = BGM_battle001.mp3; sourceTree = "<group>"; };
		E9608FA0246EC9AD008A8ACD /* SE_fire.mp3 */ = {isa = PBXFileReference; lastKnownFileType = audio.mp3; path = SE_fire.mp3; sourceTree = "<group>"; };
		E9608FA1246EC9AD008A8ACD /* SE_attack.mp3 */ = {isa = PBXFileReference; lastKnownFileType = audio.mp3; path = SE_attack.mp3; sourceTree = "<group>"; };
		E9608FA2246EC9AD008A8ACD /* SE_gameover.mp3 */ = {isa = PBXFileReference; lastKnownFileType = audio.mp3; path = SE_gameover.mp3; sourceTree = "<group>"; };
		E9608FA3246EC9AD008A8ACD /* SE_charge.mp3 */ = {isa = PBXFileReference; lastKnownFileType = audio.mp3; path = SE_charge.mp3; sourceTree = "<group>"; };
		E9608FA4246EC9AD008A8ACD /* lobby.mp3 */ = {isa = PBXFileReference; lastKnownFileType = audio.mp3; path = lobby.mp3; sourceTree = "<group>"; };
		E9608FA7246EC9AD008A8ACD /* misaki_gothic.ttf */ = {isa = PBXFileReference; lastKnownFileType = file; path = misaki_gothic.ttf; sourceTree = "<group>"; };
		E9AFF954246EA5170085D940 /* TechMon.app */ = {isa = PBXFileReference; explicitFileType = wrapper.application; includeInIndex = 0; path = TechMon.app; sourceTree = BUILT_PRODUCTS_DIR; };
		E9AFF957246EA5170085D940 /* AppDelegate.swift */ = {isa = PBXFileReference; lastKnownFileType = sourcecode.swift; path = AppDelegate.swift; sourceTree = "<group>"; };
		E9AFF959246EA5170085D940 /* SceneDelegate.swift */ = {isa = PBXFileReference; lastKnownFileType = sourcecode.swift; path = SceneDelegate.swift; sourceTree = "<group>"; };
		E9AFF95B246EA5170085D940 /* ViewController.swift */ = {isa = PBXFileReference; lastKnownFileType = sourcecode.swift; path = ViewController.swift; sourceTree = "<group>"; };
		E9AFF95E246EA5170085D940 /* Base */ = {isa = PBXFileReference; lastKnownFileType = file.storyboard; name = Base; path = Base.lproj/Main.storyboard; sourceTree = "<group>"; };
		E9AFF960246EA51B0085D940 /* Assets.xcassets */ = {isa = PBXFileReference; lastKnownFileType = folder.assetcatalog; path = Assets.xcassets; sourceTree = "<group>"; };
		E9AFF963246EA51B0085D940 /* Base */ = {isa = PBXFileReference; lastKnownFileType = file.storyboard; name = Base; path = Base.lproj/LaunchScreen.storyboard; sourceTree = "<group>"; };
		E9AFF965246EA51B0085D940 /* Info.plist */ = {isa = PBXFileReference; lastKnownFileType = text.plist.xml; path = Info.plist; sourceTree = "<group>"; };
		E9AFF96A246EA51B0085D940 /* TechMonTests.xctest */ = {isa = PBXFileReference; explicitFileType = wrapper.cfbundle; includeInIndex = 0; path = TechMonTests.xctest; sourceTree = BUILT_PRODUCTS_DIR; };
		E9AFF96E246EA51B0085D940 /* TechMonTests.swift */ = {isa = PBXFileReference; lastKnownFileType = sourcecode.swift; path = TechMonTests.swift; sourceTree = "<group>"; };
		E9AFF970246EA51B0085D940 /* Info.plist */ = {isa = PBXFileReference; lastKnownFileType = text.plist.xml; path = Info.plist; sourceTree = "<group>"; };
		E9AFF975246EA51B0085D940 /* TechMonUITests.xctest */ = {isa = PBXFileReference; explicitFileType = wrapper.cfbundle; includeInIndex = 0; path = TechMonUITests.xctest; sourceTree = BUILT_PRODUCTS_DIR; };
		E9AFF979246EA51B0085D940 /* TechMonUITests.swift */ = {isa = PBXFileReference; lastKnownFileType = sourcecode.swift; path = TechMonUITests.swift; sourceTree = "<group>"; };
		E9AFF97B246EA51B0085D940 /* Info.plist */ = {isa = PBXFileReference; lastKnownFileType = text.plist.xml; path = Info.plist; sourceTree = "<group>"; };
		E9AFF9B0246EBC5C0085D940 /* LobbyViewController.swift */ = {isa = PBXFileReference; lastKnownFileType = sourcecode.swift; path = LobbyViewController.swift; sourceTree = "<group>"; };
		E9AFF9B2246EBC710085D940 /* BattleViewController.swift */ = {isa = PBXFileReference; lastKnownFileType = sourcecode.swift; path = BattleViewController.swift; sourceTree = "<group>"; };
/* End PBXFileReference section */

/* Begin PBXFrameworksBuildPhase section */
		E9AFF951246EA5170085D940 /* Frameworks */ = {
			isa = PBXFrameworksBuildPhase;
			buildActionMask = 2147483647;
			files = (
			);
			runOnlyForDeploymentPostprocessing = 0;
		};
		E9AFF967246EA51B0085D940 /* Frameworks */ = {
			isa = PBXFrameworksBuildPhase;
			buildActionMask = 2147483647;
			files = (
			);
			runOnlyForDeploymentPostprocessing = 0;
		};
		E9AFF972246EA51B0085D940 /* Frameworks */ = {
			isa = PBXFrameworksBuildPhase;
			buildActionMask = 2147483647;
			files = (
			);
			runOnlyForDeploymentPostprocessing = 0;
		};
/* End PBXFrameworksBuildPhase section */

/* Begin PBXGroup section */
		E9608F8D246EC9AD008A8ACD /* TechMon_Resource */ = {
			isa = PBXGroup;
			children = (
				E9608F8F246EC9AD008A8ACD /* Images */,
				E9608F98246EC9AD008A8ACD /* Models */,
				E9608F9C246EC9AD008A8ACD /* Sounds */,
				E9608FA5246EC9AD008A8ACD /* Fonts */,
			);
			path = TechMon_Resource;
			sourceTree = "<group>";
		};
		E9608F8F246EC9AD008A8ACD /* Images */ = {
			isa = PBXGroup;
			children = (
				E9608F90246EC9AD008A8ACD /* lobby.png */,
				E9608F91246EC9AD008A8ACD /* battlebg.png */,
				E9608F92246EC9AD008A8ACD /* bgimage.jpg */,
				E9608F94246EC9AD008A8ACD /* waku.png */,
				E9608F95246EC9AD008A8ACD /* gold_button.png */,
				E9608F96246EC9AD008A8ACD /* yusya.png */,
				E9608F97246EC9AD008A8ACD /* monster.png */,
			);
			path = Images;
			sourceTree = "<group>";
		};
		E9608F98246EC9AD008A8ACD /* Models */ = {
			isa = PBXGroup;
			children = (
				E9608F9A246EC9AD008A8ACD /* TechMonManager.swift */,
				E9608F9B246EC9AD008A8ACD /* Character.swift */,
			);
			path = Models;
			sourceTree = "<group>";
		};
		E9608F9C246EC9AD008A8ACD /* Sounds */ = {
			isa = PBXGroup;
			children = (
				E9608F9D246EC9AD008A8ACD /* SE_fanfare.mp3 */,
				E9608F9E246EC9AD008A8ACD /* BGM_battle001.mp3 */,
				E9608FA0246EC9AD008A8ACD /* SE_fire.mp3 */,
				E9608FA1246EC9AD008A8ACD /* SE_attack.mp3 */,
				E9608FA2246EC9AD008A8ACD /* SE_gameover.mp3 */,
				E9608FA3246EC9AD008A8ACD /* SE_charge.mp3 */,
				E9608FA4246EC9AD008A8ACD /* lobby.mp3 */,
			);
			path = Sounds;
			sourceTree = "<group>";
		};
		E9608FA5246EC9AD008A8ACD /* Fonts */ = {
			isa = PBXGroup;
			children = (
				E9608FA7246EC9AD008A8ACD /* misaki_gothic.ttf */,
			);
			path = Fonts;
			sourceTree = "<group>";
		};
		E9AFF94B246EA5170085D940 = {
			isa = PBXGroup;
			children = (
				E9AFF956246EA5170085D940 /* TechMon */,
				E9AFF96D246EA51B0085D940 /* TechMonTests */,
				E9AFF978246EA51B0085D940 /* TechMonUITests */,
				E9AFF955246EA5170085D940 /* Products */,
			);
			sourceTree = "<group>";
		};
		E9AFF955246EA5170085D940 /* Products */ = {
			isa = PBXGroup;
			children = (
				E9AFF954246EA5170085D940 /* TechMon.app */,
				E9AFF96A246EA51B0085D940 /* TechMonTests.xctest */,
				E9AFF975246EA51B0085D940 /* TechMonUITests.xctest */,
			);
			name = Products;
			sourceTree = "<group>";
		};
		E9AFF956246EA5170085D940 /* TechMon */ = {
			isa = PBXGroup;
			children = (
				E9608F8D246EC9AD008A8ACD /* TechMon_Resource */,
				E9AFF957246EA5170085D940 /* AppDelegate.swift */,
				E9AFF959246EA5170085D940 /* SceneDelegate.swift */,
				E9AFF95B246EA5170085D940 /* ViewController.swift */,
				E9AFF95D246EA5170085D940 /* Main.storyboard */,
				E9AFF960246EA51B0085D940 /* Assets.xcassets */,
				E9AFF962246EA51B0085D940 /* LaunchScreen.storyboard */,
				E9AFF965246EA51B0085D940 /* Info.plist */,
				E9AFF9B0246EBC5C0085D940 /* LobbyViewController.swift */,
				E9AFF9B2246EBC710085D940 /* BattleViewController.swift */,
			);
			path = TechMon;
			sourceTree = "<group>";
		};
		E9AFF96D246EA51B0085D940 /* TechMonTests */ = {
			isa = PBXGroup;
			children = (
				E9AFF96E246EA51B0085D940 /* TechMonTests.swift */,
				E9AFF970246EA51B0085D940 /* Info.plist */,
			);
			path = TechMonTests;
			sourceTree = "<group>";
		};
		E9AFF978246EA51B0085D940 /* TechMonUITests */ = {
			isa = PBXGroup;
			children = (
				E9AFF979246EA51B0085D940 /* TechMonUITests.swift */,
				E9AFF97B246EA51B0085D940 /* Info.plist */,
			);
			path = TechMonUITests;
			sourceTree = "<group>";
		};
/* End PBXGroup section */

/* Begin PBXNativeTarget section */
		E9AFF953246EA5170085D940 /* TechMon */ = {
			isa = PBXNativeTarget;
			buildConfigurationList = E9AFF97E246EA51B0085D940 /* Build configuration list for PBXNativeTarget "TechMon" */;
			buildPhases = (
				E9AFF950246EA5170085D940 /* Sources */,
				E9AFF951246EA5170085D940 /* Frameworks */,
				E9AFF952246EA5170085D940 /* Resources */,
			);
			buildRules = (
			);
			dependencies = (
			);
			name = TechMon;
			productName = TechMon;
			productReference = E9AFF954246EA5170085D940 /* TechMon.app */;
			productType = "com.apple.product-type.application";
		};
		E9AFF969246EA51B0085D940 /* TechMonTests */ = {
			isa = PBXNativeTarget;
			buildConfigurationList = E9AFF981246EA51B0085D940 /* Build configuration list for PBXNativeTarget "TechMonTests" */;
			buildPhases = (
				E9AFF966246EA51B0085D940 /* Sources */,
				E9AFF967246EA51B0085D940 /* Frameworks */,
				E9AFF968246EA51B0085D940 /* Resources */,
			);
			buildRules = (
			);
			dependencies = (
				E9AFF96C246EA51B0085D940 /* PBXTargetDependency */,
			);
			name = TechMonTests;
			productName = TechMonTests;
			productReference = E9AFF96A246EA51B0085D940 /* TechMonTests.xctest */;
			productType = "com.apple.product-type.bundle.unit-test";
		};
		E9AFF974246EA51B0085D940 /* TechMonUITests */ = {
			isa = PBXNativeTarget;
			buildConfigurationList = E9AFF984246EA51B0085D940 /* Build configuration list for PBXNativeTarget "TechMonUITests" */;
			buildPhases = (
				E9AFF971246EA51B0085D940 /* Sources */,
				E9AFF972246EA51B0085D940 /* Frameworks */,
				E9AFF973246EA51B0085D940 /* Resources */,
			);
			buildRules = (
			);
			dependencies = (
				E9AFF977246EA51B0085D940 /* PBXTargetDependency */,
			);
			name = TechMonUITests;
			productName = TechMonUITests;
			productReference = E9AFF975246EA51B0085D940 /* TechMonUITests.xctest */;
			productType = "com.apple.product-type.bundle.ui-testing";
		};
/* End PBXNativeTarget section */

/* Begin PBXProject section */
		E9AFF94C246EA5170085D940 /* Project object */ = {
			isa = PBXProject;
			attributes = {
				LastSwiftUpdateCheck = 1140;
				LastUpgradeCheck = 1140;
				ORGANIZATIONNAME = "Fujita shu";
				TargetAttributes = {
					E9AFF953246EA5170085D940 = {
						CreatedOnToolsVersion = 11.4.1;
					};
					E9AFF969246EA51B0085D940 = {
						CreatedOnToolsVersion = 11.4.1;
						TestTargetID = E9AFF953246EA5170085D940;
					};
					E9AFF974246EA51B0085D940 = {
						CreatedOnToolsVersion = 11.4.1;
						TestTargetID = E9AFF953246EA5170085D940;
					};
				};
			};
			buildConfigurationList = E9AFF94F246EA5170085D940 /* Build configuration list for PBXProject "TechMon" */;
			compatibilityVersion = "Xcode 9.3";
			developmentRegion = en;
			hasScannedForEncodings = 0;
			knownRegions = (
				en,
				Base,
			);
			mainGroup = E9AFF94B246EA5170085D940;
			productRefGroup = E9AFF955246EA5170085D940 /* Products */;
			projectDirPath = "";
			projectRoot = "";
			targets = (
				E9AFF953246EA5170085D940 /* TechMon */,
				E9AFF969246EA51B0085D940 /* TechMonTests */,
				E9AFF974246EA51B0085D940 /* TechMonUITests */,
			);
		};
/* End PBXProject section */

/* Begin PBXResourcesBuildPhase section */
		E9AFF952246EA5170085D940 /* Resources */ = {
			isa = PBXResourcesBuildPhase;
			buildActionMask = 2147483647;
			files = (
				E9608FBA246EC9AE008A8ACD /* SE_charge.mp3 in Resources */,
				E9608FBB246EC9AE008A8ACD /* lobby.mp3 in Resources */,
				E9608FAB246EC9AE008A8ACD /* bgimage.jpg in Resources */,
				E9AFF964246EA51B0085D940 /* LaunchScreen.storyboard in Resources */,
				E9608FB0246EC9AE008A8ACD /* monster.png in Resources */,
				E9608FB5246EC9AE008A8ACD /* BGM_battle001.mp3 in Resources */,
				E9608FAD246EC9AE008A8ACD /* waku.png in Resources */,
				E9608FBD246EC9AE008A8ACD /* misaki_gothic.ttf in Resources */,
				E9608FB7246EC9AE008A8ACD /* SE_fire.mp3 in Resources */,
				E9608FAE246EC9AE008A8ACD /* gold_button.png in Resources */,
				E9608FB4246EC9AE008A8ACD /* SE_fanfare.mp3 in Resources */,
				E9AFF961246EA51B0085D940 /* Assets.xcassets in Resources */,
				E9608FAF246EC9AE008A8ACD /* yusya.png in Resources */,
				E9AFF95F246EA5170085D940 /* Main.storyboard in Resources */,
				E9608FB8246EC9AE008A8ACD /* SE_attack.mp3 in Resources */,
				E9608FAA246EC9AE008A8ACD /* battlebg.png in Resources */,
				E9608FB9246EC9AE008A8ACD /* SE_gameover.mp3 in Resources */,
				E9608FA9246EC9AE008A8ACD /* lobby.png in Resources */,
			);
			runOnlyForDeploymentPostprocessing = 0;
		};
		E9AFF968246EA51B0085D940 /* Resources */ = {
			isa = PBXResourcesBuildPhase;
			buildActionMask = 2147483647;
			files = (
			);
			runOnlyForDeploymentPostprocessing = 0;
		};
		E9AFF973246EA51B0085D940 /* Resources */ = {
			isa = PBXResourcesBuildPhase;
			buildActionMask = 2147483647;
			files = (
			);
			runOnlyForDeploymentPostprocessing = 0;
		};
/* End PBXResourcesBuildPhase section */

/* Begin PBXSourcesBuildPhase section */
		E9AFF950246EA5170085D940 /* Sources */ = {
			isa = PBXSourcesBuildPhase;
			buildActionMask = 2147483647;
			files = (
				E9608FB2246EC9AE008A8ACD /* TechMonManager.swift in Sources */,
				E9AFF9B3246EBC710085D940 /* BattleViewController.swift in Sources */,
				E9608FB3246EC9AE008A8ACD /* Character.swift in Sources */,
				E9AFF95C246EA5170085D940 /* ViewController.swift in Sources */,
				E9AFF958246EA5170085D940 /* AppDelegate.swift in Sources */,
				E9AFF95A246EA5170085D940 /* SceneDelegate.swift in Sources */,
				E9AFF9B1246EBC5C0085D940 /* LobbyViewController.swift in Sources */,
			);
			runOnlyForDeploymentPostprocessing = 0;
		};
		E9AFF966246EA51B0085D940 /* Sources */ = {
			isa = PBXSourcesBuildPhase;
			buildActionMask = 2147483647;
			files = (
				E9AFF96F246EA51B0085D940 /* TechMonTests.swift in Sources */,
			);
			runOnlyForDeploymentPostprocessing = 0;
		};
		E9AFF971246EA51B0085D940 /* Sources */ = {
			isa = PBXSourcesBuildPhase;
			buildActionMask = 2147483647;
			files = (
				E9AFF97A246EA51B0085D940 /* TechMonUITests.swift in Sources */,
			);
			runOnlyForDeploymentPostprocessing = 0;
		};
/* End PBXSourcesBuildPhase section */

/* Begin PBXTargetDependency section */
		E9AFF96C246EA51B0085D940 /* PBXTargetDependency */ = {
			isa = PBXTargetDependency;
			target = E9AFF953246EA5170085D940 /* TechMon */;
			targetProxy = E9AFF96B246EA51B0085D940 /* PBXContainerItemProxy */;
		};
		E9AFF977246EA51B0085D940 /* PBXTargetDependency */ = {
			isa = PBXTargetDependency;
			target = E9AFF953246EA5170085D940 /* TechMon */;
			targetProxy = E9AFF976246EA51B0085D940 /* PBXContainerItemProxy */;
		};
/* End PBXTargetDependency section */

/* Begin PBXVariantGroup section */
		E9AFF95D246EA5170085D940 /* Main.storyboard */ = {
			isa = PBXVariantGroup;
			children = (
				E9AFF95E246EA5170085D940 /* Base */,
			);
			name = Main.storyboard;
			sourceTree = "<group>";
		};
		E9AFF962246EA51B0085D940 /* LaunchScreen.storyboard */ = {
			isa = PBXVariantGroup;
			children = (
				E9AFF963246EA51B0085D940 /* Base */,
			);
			name = LaunchScreen.storyboard;
			sourceTree = "<group>";
		};
/* End PBXVariantGroup section */

/* Begin XCBuildConfiguration section */
		E9AFF97C246EA51B0085D940 /* Debug */ = {
			isa = XCBuildConfiguration;
			buildSettings = {
				ALWAYS_SEARCH_USER_PATHS = NO;
				CLANG_ANALYZER_NONNULL = YES;
				CLANG_ANALYZER_NUMBER_OBJECT_CONVERSION = YES_AGGRESSIVE;
				CLANG_CXX_LANGUAGE_STANDARD = "gnu++14";
				CLANG_CXX_LIBRARY = "libc++";
				CLANG_ENABLE_MODULES = YES;
				CLANG_ENABLE_OBJC_ARC = YES;
				CLANG_ENABLE_OBJC_WEAK = YES;
				CLANG_WARN_BLOCK_CAPTURE_AUTORELEASING = YES;
				CLANG_WARN_BOOL_CONVERSION = YES;
				CLANG_WARN_COMMA = YES;
				CLANG_WARN_CONSTANT_CONVERSION = YES;
				CLANG_WARN_DEPRECATED_OBJC_IMPLEMENTATIONS = YES;
				CLANG_WARN_DIRECT_OBJC_ISA_USAGE = YES_ERROR;
				CLANG_WARN_DOCUMENTATION_COMMENTS = YES;
				CLANG_WARN_EMPTY_BODY = YES;
				CLANG_WARN_ENUM_CONVERSION = YES;
				CLANG_WARN_INFINITE_RECURSION = YES;
				CLANG_WARN_INT_CONVERSION = YES;
				CLANG_WARN_NON_LITERAL_NULL_CONVERSION = YES;
				CLANG_WARN_OBJC_IMPLICIT_RETAIN_SELF = YES;
				CLANG_WARN_OBJC_LITERAL_CONVERSION = YES;
				CLANG_WARN_OBJC_ROOT_CLASS = YES_ERROR;
				CLANG_WARN_RANGE_LOOP_ANALYSIS = YES;
				CLANG_WARN_STRICT_PROTOTYPES = YES;
				CLANG_WARN_SUSPICIOUS_MOVE = YES;
				CLANG_WARN_UNGUARDED_AVAILABILITY = YES_AGGRESSIVE;
				CLANG_WARN_UNREACHABLE_CODE = YES;
				CLANG_WARN__DUPLICATE_METHOD_MATCH = YES;
				COPY_PHASE_STRIP = NO;
				DEBUG_INFORMATION_FORMAT = dwarf;
				ENABLE_STRICT_OBJC_MSGSEND = YES;
				ENABLE_TESTABILITY = YES;
				GCC_C_LANGUAGE_STANDARD = gnu11;
				GCC_DYNAMIC_NO_PIC = NO;
				GCC_NO_COMMON_BLOCKS = YES;
				GCC_OPTIMIZATION_LEVEL = 0;
				GCC_PREPROCESSOR_DEFINITIONS = (
					"DEBUG=1",
					"$(inherited)",
				);
				GCC_WARN_64_TO_32_BIT_CONVERSION = YES;
				GCC_WARN_ABOUT_RETURN_TYPE = YES_ERROR;
				GCC_WARN_UNDECLARED_SELECTOR = YES;
				GCC_WARN_UNINITIALIZED_AUTOS = YES_AGGRESSIVE;
				GCC_WARN_UNUSED_FUNCTION = YES;
				GCC_WARN_UNUSED_VARIABLE = YES;
				IPHONEOS_DEPLOYMENT_TARGET = 13.4;
				MTL_ENABLE_DEBUG_INFO = INCLUDE_SOURCE;
				MTL_FAST_MATH = YES;
				ONLY_ACTIVE_ARCH = YES;
				SDKROOT = iphoneos;
				SWIFT_ACTIVE_COMPILATION_CONDITIONS = DEBUG;
				SWIFT_OPTIMIZATION_LEVEL = "-Onone";
			};
			name = Debug;
		};
		E9AFF97D246EA51B0085D940 /* Release */ = {
			isa = XCBuildConfiguration;
			buildSettings = {
				ALWAYS_SEARCH_USER_PATHS = NO;
				CLANG_ANALYZER_NONNULL = YES;
				CLANG_ANALYZER_NUMBER_OBJECT_CONVERSION = YES_AGGRESSIVE;
				CLANG_CXX_LANGUAGE_STANDARD = "gnu++14";
				CLANG_CXX_LIBRARY = "libc++";
				CLANG_ENABLE_MODULES = YES;
				CLANG_ENABLE_OBJC_ARC = YES;
				CLANG_ENABLE_OBJC_WEAK = YES;
				CLANG_WARN_BLOCK_CAPTURE_AUTORELEASING = YES;
				CLANG_WARN_BOOL_CONVERSION = YES;
				CLANG_WARN_COMMA = YES;
				CLANG_WARN_CONSTANT_CONVERSION = YES;
				CLANG_WARN_DEPRECATED_OBJC_IMPLEMENTATIONS = YES;
				CLANG_WARN_DIRECT_OBJC_ISA_USAGE = YES_ERROR;
				CLANG_WARN_DOCUMENTATION_COMMENTS = YES;
				CLANG_WARN_EMPTY_BODY = YES;
				CLANG_WARN_ENUM_CONVERSION = YES;
				CLANG_WARN_INFINITE_RECURSION = YES;
				CLANG_WARN_INT_CONVERSION = YES;
				CLANG_WARN_NON_LITERAL_NULL_CONVERSION = YES;
				CLANG_WARN_OBJC_IMPLICIT_RETAIN_SELF = YES;
				CLANG_WARN_OBJC_LITERAL_CONVERSION = YES;
				CLANG_WARN_OBJC_ROOT_CLASS = YES_ERROR;
				CLANG_WARN_RANGE_LOOP_ANALYSIS = YES;
				CLANG_WARN_STRICT_PROTOTYPES = YES;
				CLANG_WARN_SUSPICIOUS_MOVE = YES;
				CLANG_WARN_UNGUARDED_AVAILABILITY = YES_AGGRESSIVE;
				CLANG_WARN_UNREACHABLE_CODE = YES;
				CLANG_WARN__DUPLICATE_METHOD_MATCH = YES;
				COPY_PHASE_STRIP = NO;
				DEBUG_INFORMATION_FORMAT = "dwarf-with-dsym";
				ENABLE_NS_ASSERTIONS = NO;
				ENABLE_STRICT_OBJC_MSGSEND = YES;
				GCC_C_LANGUAGE_STANDARD = gnu11;
				GCC_NO_COMMON_BLOCKS = YES;
				GCC_WARN_64_TO_32_BIT_CONVERSION = YES;
				GCC_WARN_ABOUT_RETURN_TYPE = YES_ERROR;
				GCC_WARN_UNDECLARED_SELECTOR = YES;
				GCC_WARN_UNINITIALIZED_AUTOS = YES_AGGRESSIVE;
				GCC_WARN_UNUSED_FUNCTION = YES;
				GCC_WARN_UNUSED_VARIABLE = YES;
				IPHONEOS_DEPLOYMENT_TARGET = 13.4;
				MTL_ENABLE_DEBUG_INFO = NO;
				MTL_FAST_MATH = YES;
				SDKROOT = iphoneos;
				SWIFT_COMPILATION_MODE = wholemodule;
				SWIFT_OPTIMIZATION_LEVEL = "-O";
				VALIDATE_PRODUCT = YES;
			};
			name = Release;
		};
		E9AFF97F246EA51B0085D940 /* Debug */ = {
			isa = XCBuildConfiguration;
			buildSettings = {
				ASSETCATALOG_COMPILER_APPICON_NAME = AppIcon;
				CODE_SIGN_STYLE = Automatic;
				INFOPLIST_FILE = TechMon/Info.plist;
				LD_RUNPATH_SEARCH_PATHS = (
					"$(inherited)",
					"@executable_path/Frameworks",
				);
				PRODUCT_BUNDLE_IDENTIFIER = app.fujita.shu.TechMon;
				PRODUCT_NAME = "$(TARGET_NAME)";
				SWIFT_VERSION = 5.0;
				TARGETED_DEVICE_FAMILY = "1,2";
			};
			name = Debug;
		};
		E9AFF980246EA51B0085D940 /* Release */ = {
			isa = XCBuildConfiguration;
			buildSettings = {
				ASSETCATALOG_COMPILER_APPICON_NAME = AppIcon;
				CODE_SIGN_STYLE = Automatic;
				INFOPLIST_FILE = TechMon/Info.plist;
				LD_RUNPATH_SEARCH_PATHS = (
					"$(inherited)",
					"@executable_path/Frameworks",
				);
				PRODUCT_BUNDLE_IDENTIFIER = app.fujita.shu.TechMon;
				PRODUCT_NAME = "$(TARGET_NAME)";
				SWIFT_VERSION = 5.0;
				TARGETED_DEVICE_FAMILY = "1,2";
			};
			name = Release;
		};
		E9AFF982246EA51B0085D940 /* Debug */ = {
			isa = XCBuildConfiguration;
			buildSettings = {
				ALWAYS_EMBED_SWIFT_STANDARD_LIBRARIES = YES;
				BUNDLE_LOADER = "$(TEST_HOST)";
				CODE_SIGN_STYLE = Automatic;
				INFOPLIST_FILE = TechMonTests/Info.plist;
				IPHONEOS_DEPLOYMENT_TARGET = 13.4;
				LD_RUNPATH_SEARCH_PATHS = (
					"$(inherited)",
					"@executable_path/Frameworks",
					"@loader_path/Frameworks",
				);
				PRODUCT_BUNDLE_IDENTIFIER = app.fujita.shu.TechMonTests;
				PRODUCT_NAME = "$(TARGET_NAME)";
				SWIFT_VERSION = 5.0;
				TARGETED_DEVICE_FAMILY = "1,2";
				TEST_HOST = "$(BUILT_PRODUCTS_DIR)/TechMon.app/TechMon";
			};
			name = Debug;
		};
		E9AFF983246EA51B0085D940 /* Release */ = {
			isa = XCBuildConfiguration;
			buildSettings = {
				ALWAYS_EMBED_SWIFT_STANDARD_LIBRARIES = YES;
				BUNDLE_LOADER = "$(TEST_HOST)";
				CODE_SIGN_STYLE = Automatic;
				INFOPLIST_FILE = TechMonTests/Info.plist;
				IPHONEOS_DEPLOYMENT_TARGET = 13.4;
				LD_RUNPATH_SEARCH_PATHS = (
					"$(inherited)",
					"@executable_path/Frameworks",
					"@loader_path/Frameworks",
				);
				PRODUCT_BUNDLE_IDENTIFIER = app.fujita.shu.TechMonTests;
				PRODUCT_NAME = "$(TARGET_NAME)";
				SWIFT_VERSION = 5.0;
				TARGETED_DEVICE_FAMILY = "1,2";
				TEST_HOST = "$(BUILT_PRODUCTS_DIR)/TechMon.app/TechMon";
			};
			name = Release;
		};
		E9AFF985246EA51B0085D940 /* Debug */ = {
			isa = XCBuildConfiguration;
			buildSettings = {
				ALWAYS_EMBED_SWIFT_STANDARD_LIBRARIES = YES;
				CODE_SIGN_STYLE = Automatic;
				INFOPLIST_FILE = TechMonUITests/Info.plist;
				LD_RUNPATH_SEARCH_PATHS = (
					"$(inherited)",
					"@executable_path/Frameworks",
					"@loader_path/Frameworks",
				);
				PRODUCT_BUNDLE_IDENTIFIER = app.fujita.shu.TechMonUITests;
				PRODUCT_NAME = "$(TARGET_NAME)";
				SWIFT_VERSION = 5.0;
				TARGETED_DEVICE_FAMILY = "1,2";
				TEST_TARGET_NAME = TechMon;
			};
			name = Debug;
		};
		E9AFF986246EA51B0085D940 /* Release */ = {
			isa = XCBuildConfiguration;
			buildSettings = {
				ALWAYS_EMBED_SWIFT_STANDARD_LIBRARIES = YES;
				CODE_SIGN_STYLE = Automatic;
				INFOPLIST_FILE = TechMonUITests/Info.plist;
				LD_RUNPATH_SEARCH_PATHS = (
					"$(inherited)",
					"@executable_path/Frameworks",
					"@loader_path/Frameworks",
				);
				PRODUCT_BUNDLE_IDENTIFIER = app.fujita.shu.TechMonUITests;
				PRODUCT_NAME = "$(TARGET_NAME)";
				SWIFT_VERSION = 5.0;
				TARGETED_DEVICE_FAMILY = "1,2";
				TEST_TARGET_NAME = TechMon;
			};
			name = Release;
		};
/* End XCBuildConfiguration section */

/* Begin XCConfigurationList section */
		E9AFF94F246EA5170085D940 /* Build configuration list for PBXProject "TechMon" */ = {
			isa = XCConfigurationList;
			buildConfigurations = (
				E9AFF97C246EA51B0085D940 /* Debug */,
				E9AFF97D246EA51B0085D940 /* Release */,
			);
			defaultConfigurationIsVisible = 0;
			defaultConfigurationName = Release;
		};
		E9AFF97E246EA51B0085D940 /* Build configuration list for PBXNativeTarget "TechMon" */ = {
			isa = XCConfigurationList;
			buildConfigurations = (
				E9AFF97F246EA51B0085D940 /* Debug */,
				E9AFF980246EA51B0085D940 /* Release */,
			);
			defaultConfigurationIsVisible = 0;
			defaultConfigurationName = Release;
		};
		E9AFF981246EA51B0085D940 /* Build configuration list for PBXNativeTarget "TechMonTests" */ = {
			isa = XCConfigurationList;
			buildConfigurations = (
				E9AFF982246EA51B0085D940 /* Debug */,
				E9AFF983246EA51B0085D940 /* Release */,
			);
			defaultConfigurationIsVisible = 0;
			defaultConfigurationName = Release;
		};
		E9AFF984246EA51B0085D940 /* Build configuration list for PBXNativeTarget "TechMonUITests" */ = {
			isa = XCConfigurationList;
			buildConfigurations = (
				E9AFF985246EA51B0085D940 /* Debug */,
				E9AFF986246EA51B0085D940 /* Release */,
			);
			defaultConfigurationIsVisible = 0;
			defaultConfigurationName = Release;
		};
/* End XCConfigurationList section */
	};
	rootObject = E9AFF94C246EA5170085D940 /* Project object */;
}
